<?xml version="1.0" encoding="utf-8"?>
<Project ToolsVersion="4.0" xmlns="http://schemas.microsoft.com/developer/msbuild/2003">
  <ItemGroup>
    <Filter Include="소스 파일">
      <UniqueIdentifier>{4FC737F1-C7A5-4376-A066-2A32D752A2FF}</UniqueIdentifier>
      <Extensions>cpp;c;cc;cxx;c++;cppm;ixx;def;odl;idl;hpj;bat;asm;asmx</Extensions>
    </Filter>
    <Filter Include="헤더 파일">
      <UniqueIdentifier>{93995380-89BD-4b04-88EB-625FBE52EBFB}</UniqueIdentifier>
      <Extensions>h;hh;hpp;hxx;h++;hm;inl;inc;ipp;xsd</Extensions>
    </Filter>
    <Filter Include="리소스 파일">
      <UniqueIdentifier>{67DA6AB6-F800-4c08-8B7A-83BB121AAD01}</UniqueIdentifier>
      <Extensions>rc;ico;cur;bmp;dlg;rc2;rct;bin;rgs;gif;jpg;jpeg;jpe;resx;tiff;tif;png;wav;mfcribbon-ms</Extensions>
    </Filter>
    <Filter Include="소스 파일\chapter1">
      <UniqueIdentifier>{c5b8f8f0-7c35-4c3d-9ef2-b4ee97cabc6e}</UniqueIdentifier>
    </Filter>
    <Filter Include="소스 파일\chapter2">
      <UniqueIdentifier>{147c1474-d78f-4398-9941-658a323ebe01}</UniqueIdentifier>
    </Filter>
    <Filter Include="소스 파일\chapter3">
      <UniqueIdentifier>{28bdd6aa-1a95-4ab8-9cc0-b6a8e510e28d}</UniqueIdentifier>
    </Filter>
    <Filter Include="소스 파일\chapter4">
      <UniqueIdentifier>{e98c2da4-055f-4eb1-a09b-39e57c940206}</UniqueIdentifier>
    </Filter>
    <Filter Include="소스 파일\chapter5">
      <UniqueIdentifier>{8a623b3f-fdc2-4fa3-8710-318dc20b9ec9}</UniqueIdentifier>
    </Filter>
    <Filter Include="소스 파일\chapter6">
      <UniqueIdentifier>{42d5af66-5156-4794-972c-c40ae3631342}</UniqueIdentifier>
    </Filter>
    <Filter Include="소스 파일\chapter7">
      <UniqueIdentifier>{7c8ae7a1-a686-4803-a324-8ba2fc051b0b}</UniqueIdentifier>
    </Filter>
    <Filter Include="소스 파일\chapter8">
      <UniqueIdentifier>{58ee9378-3522-4ed5-87b8-700ed06c7720}</UniqueIdentifier>
    </Filter>
  </ItemGroup>
  <ItemGroup>
    <ClCompile Include="example1_1.cpp">
      <Filter>소스 파일\chapter1</Filter>
    </ClCompile>
    <ClCompile Include="example1_2.cpp">
      <Filter>소스 파일\chapter1</Filter>
    </ClCompile>
    <ClCompile Include="example1_3.cpp">
      <Filter>소스 파일\chapter1</Filter>
    </ClCompile>
    <ClCompile Include="example2_1.cpp">
      <Filter>소스 파일\chapter2</Filter>
    </ClCompile>
    <ClCompile Include="example2_2.cpp">
      <Filter>소스 파일\chapter2</Filter>
    </ClCompile>
    <ClCompile Include="example2_3.cpp">
      <Filter>소스 파일\chapter2</Filter>
    </ClCompile>
    <ClCompile Include="example2_6.cpp">
      <Filter>소스 파일\chapter2</Filter>
    </ClCompile>
    <ClCompile Include="example2_8.cpp">
      <Filter>소스 파일\chapter2</Filter>
    </ClCompile>
    <ClCompile Include="example3_2.cpp">
      <Filter>소스 파일\chapter3</Filter>
    </ClCompile>
    <ClCompile Include="example3_5.cpp">
      <Filter>소스 파일\chapter3</Filter>
    </ClCompile>
    <ClCompile Include="example3_6.cpp">
      <Filter>소스 파일\chapter3</Filter>
    </ClCompile>
    <ClCompile Include="example3_8.cpp">
      <Filter>소스 파일\chapter3</Filter>
    </ClCompile>
    <ClCompile Include="example3_9.cpp">
      <Filter>소스 파일\chapter3</Filter>
    </ClCompile>
    <ClCompile Include="location2d.hpp">
      <Filter>헤더 파일</Filter>
    </ClCompile>
    <ClCompile Include="example3_11.cpp">
      <Filter>소스 파일\chapter3</Filter>
    </ClCompile>
    <ClCompile Include="example4_2.cpp">
      <Filter>소스 파일\chapter4</Filter>
    </ClCompile>
    <ClCompile Include="example4_3.cpp">
      <Filter>소스 파일\chapter4</Filter>
    </ClCompile>
    <ClCompile Include="example4_7.cpp">
      <Filter>소스 파일\chapter4</Filter>
    </ClCompile>
    <ClCompile Include="example4_8.cpp">
      <Filter>소스 파일\chapter4</Filter>
    </ClCompile>
    <ClCompile Include="example5_1.cpp">
      <Filter>소스 파일\chapter5</Filter>
    </ClCompile>
    <ClCompile Include="example5_2.cpp">
      <Filter>소스 파일\chapter5</Filter>
    </ClCompile>
    <ClCompile Include="example5_4.cpp">
      <Filter>소스 파일\chapter5</Filter>
    </ClCompile>
    <ClCompile Include="example5_5.cpp">
      <Filter>소스 파일\chapter5</Filter>
    </ClCompile>
    <ClCompile Include="example5_10.cpp">
      <Filter>소스 파일\chapter5</Filter>
    </ClCompile>
    <ClCompile Include="example5_13.cpp">
      <Filter>소스 파일\chapter5</Filter>
    </ClCompile>
    <ClCompile Include="example6_4.cpp">
      <Filter>소스 파일\chapter6</Filter>
    </ClCompile>
    <ClCompile Include="example6_7.cpp">
      <Filter>소스 파일\chapter6</Filter>
    </ClCompile>
    <ClCompile Include="example6_10.cpp">
      <Filter>소스 파일\chapter6</Filter>
    </ClCompile>
    <ClCompile Include="double_linked_deque.hpp">
      <Filter>헤더 파일</Filter>
    </ClCompile>
    <ClCompile Include="example7_1.cpp">
      <Filter>소스 파일\chapter7</Filter>
    </ClCompile>
    <ClCompile Include="example7_2.cpp">
      <Filter>소스 파일\chapter7</Filter>
    </ClCompile>
    <ClCompile Include="example7_3.cpp">
      <Filter>소스 파일\chapter7</Filter>
    </ClCompile>
    <ClCompile Include="example7_4.cpp">
      <Filter>소스 파일\chapter7</Filter>
    </ClCompile>
    <ClCompile Include="example7_5.cpp">
      <Filter>소스 파일\chapter7</Filter>
    </ClCompile>
    <ClCompile Include="example7_6.cpp">
      <Filter>소스 파일\chapter7</Filter>
    </ClCompile>
    <ClCompile Include="example7_7.cpp">
      <Filter>소스 파일\chapter7</Filter>
    </ClCompile>
    <ClCompile Include="example7_9.cpp">
      <Filter>소스 파일\chapter7</Filter>
    </ClCompile>
    <ClCompile Include="example8_4.cpp">
      <Filter>소스 파일\chapter8</Filter>
    </ClCompile>
  </ItemGroup>
  <ItemGroup>
    <ClInclude Include="car.hpp">
      <Filter>헤더 파일</Filter>
    </ClInclude>
    <ClInclude Include="sports_car.hpp">
      <Filter>헤더 파일</Filter>
    </ClInclude>
    <ClInclude Include="polynomial.hpp">
      <Filter>헤더 파일</Filter>
    </ClInclude>
    <ClInclude Include="ArrayStack.hpp">
      <Filter>헤더 파일</Filter>
    </ClInclude>
    <ClInclude Include="student.hpp">
      <Filter>헤더 파일</Filter>
    </ClInclude>
    <ClInclude Include="studentStack.hpp">
      <Filter>헤더 파일</Filter>
    </ClInclude>
    <ClInclude Include="operand_stack.hpp">
      <Filter>헤더 파일</Filter>
    </ClInclude>
    <ClInclude Include="circular_queue.hpp">
      <Filter>헤더 파일</Filter>
    </ClInclude>
    <ClInclude Include="circular_deque.hpp">
      <Filter>헤더 파일</Filter>
    </ClInclude>
    <ClInclude Include="node.hpp">
      <Filter>헤더 파일</Filter>
    </ClInclude>
    <ClInclude Include="linked_stack.hpp">
      <Filter>헤더 파일</Filter>
    </ClInclude>
    <ClInclude Include="node2.hpp">
      <Filter>헤더 파일</Filter>
    </ClInclude>
    <ClInclude Include="linked_queue.hpp">
      <Filter>헤더 파일</Filter>
    </ClInclude>
    <ClInclude Include="array_list.hpp">
      <Filter>헤더 파일</Filter>
    </ClInclude>
    <ClInclude Include="Node3.hpp">
      <Filter>헤더 파일</Filter>
    </ClInclude>
    <ClInclude Include="linked_list.hpp">
      <Filter>헤더 파일</Filter>
    </ClInclude>
    <ClInclude Include="node4.hpp">
      <Filter>헤더 파일</Filter>
    </ClInclude>
    <ClInclude Include="double_linked_list.hpp">
      <Filter>헤더 파일</Filter>
    </ClInclude>
    <ClInclude Include="binarynode.hpp">
      <Filter>헤더 파일</Filter>
    </ClInclude>
    <ClInclude Include="binarytree.hpp">
      <Filter>헤더 파일</Filter>
    </ClInclude>
  </ItemGroup>
  <ItemGroup>
    <None Include="customer.hpp">
      <Filter>헤더 파일</Filter>
    </None>
  </ItemGroup>
</Project>